
Microsoft Visual Studio Solution File, Format Version 12.00
# Visual Studio Version 16
VisualStudioVersion = 16.0.30804.86
MinimumVisualStudioVersion = 10.0.40219.1
Project("{FAE04EC0-301F-11D3-BF4B-00C04F79EFBC}") = "WebApp", "WebApp\WebApp.csproj", "{AE347E07-6795-4C46-B416-8BF16669B308}"
EndProject
Project("{FAE04EC0-301F-11D3-BF4B-00C04F79EFBC}") = "ChinookSystem", "ChinookSystem\ChinookSystem.csproj", "{19E070C5-B708-4756-8B68-16A237FD6125}"
EndProject
Global
	GlobalSection(SolutionConfigurationPlatforms) = preSolution
		Debug|Any CPU = Debug|Any CPU
		Release|Any CPU = Release|Any CPU
	EndGlobalSection
	GlobalSection(ProjectConfigurationPlatforms) = postSolution
		{AE347E07-6795-4C46-B416-8BF16669B308}.Debug|Any CPU.ActiveCfg = Debug|Any CPU
		{AE347E07-6795-4C46-B416-8BF16669B308}.Debug|Any CPU.Build.0 = Debug|Any CPU
		{AE347E07-6795-4C46-B416-8BF16669B308}.Release|Any CPU.ActiveCfg = Release|Any CPU
		{AE347E07-6795-4C46-B416-8BF16669B308}.Release|Any CPU.Build.0 = Release|Any CPU
		{19E070C5-B708-4756-8B68-16A237FD6125}.Debug|Any CPU.ActiveCfg = Debug|Any CPU
		{19E070C5-B708-4756-8B68-16A237FD6125}.Debug|Any CPU.Build.0 = Debug|Any CPU
		{19E070C5-B708-4756-8B68-16A237FD6125}.Release|Any CPU.ActiveCfg = Release|Any CPU
		{19E070C5-B708-4756-8B68-16A237FD6125}.Release|Any CPU.Build.0 = Release|Any CPU
	EndGlobalSection
	GlobalSection(SolutionProperties) = preSolution
		HideSolutionNode = FALSE
	EndGlobalSection
	GlobalSection(ExtensibilityGlobals) = postSolution
		SolutionGuid = {6A6CFD0A-7041-4591-8B01-5ED69FE2B567}
	EndGlobalSection
EndGlobal
